{
  "requires": true,
  "lockfileVersion": 1,
  "dependencies": {
    "@types/three": {
      "version": "0.130.0",
      "resolved": "https://registry.npmjs.org/@types/three/-/three-0.130.0.tgz",
      "integrity": "sha512-7MKKxlEjHoAGTBRxEcDOjO4OvOrvUM6xtyjPiubNcU6bRPNmjNaV/PI9tiaXkk8cauZ9FuRbdCV4g0rQod+FkQ==",
      "dev": true
    }
  }
}
